PODS:
  - Flutter (1.0.0)
  - integration_test (0.0.1):
    - Flutter
  - Kingfisher (7.11.0)
  - recco (0.0.1):
    - Flutter
    - ReccoUI (~> 1.3.0)
  - ReccoHeadless (1.3.0)
  - ReccoUI (1.3.0):
    - Kingfisher
    - ReccoHeadless
  - shared_preferences_foundation (0.0.1):
    - Flutter
    - FlutterMacOS

DEPENDENCIES:
  - Flutter (from `Flutter`)
  - integration_test (from `.symlinks/plugins/integration_test/ios`)
  - recco (from `.symlinks/plugins/recco/ios`)
  - ReccoHeadless
  - ReccoUI
  - shared_preferences_foundation (from `.symlinks/plugins/shared_preferences_foundation/darwin`)

SPEC REPOS:
  trunk:
    - Kingfisher
    - ReccoHeadless
    - ReccoUI

EXTERNAL SOURCES:
  Flutter:
    :path: Flutter
  integration_test:
    :path: ".symlinks/plugins/integration_test/ios"
  recco:
    :path: ".symlinks/plugins/recco/ios"
  shared_preferences_foundation:
    :path: ".symlinks/plugins/shared_preferences_foundation/darwin"

SPEC CHECKSUMS:
  Flutter: e0871f40cf51350855a761d2e70bf5af5b9b5de7
  integration_test: 13825b8a9334a850581300559b8839134b124670
  Kingfisher: b9c985d864d43515f404f1ef4a8ce7d802ace3ac
  recco: e1b1f21b3f6df8bf26972321261efd39a910f630
  ReccoHeadless: 3f59602fb06878e8909955192664ed6abe2d089b
  ReccoUI: a7cf08f80044ee1d29d8e06b1b1c2f8f5d75e42b
  shared_preferences_foundation: 5b919d13b803cadd15ed2dc053125c68730e5126

PODFILE CHECKSUM: 14ac5f45c428b2542df59bb9497141a36c9225c9

COCOAPODS: 1.15.2
